
Microsoft Visual Studio Solution File, Format Version 12.00
# Visual Studio 2012
Project("{F2A71F9B-5D33-465A-A702-920D77279786}") = "DapperInFSharp", "DapperInFSharp\DapperInFSharp.fsproj", "{696571E8-1719-4E18-82DF-3D53476BE6A9}"
EndProject
Project("{00D1A9C2-B5F0-4AF3-8072-F6C62B433612}") = "DapperTestDatabase", "..\..\..\Users\Russell\Documents\Visual Studio 2012\Projects\DapperTestDatabase\DapperTestDatabase.sqlproj", "{638D9D4E-8D88-4A97-B8B2-AA6C7B7DFD9F}"
EndProject
Global
	GlobalSection(SolutionConfigurationPlatforms) = preSolution
		Debug|Any CPU = Debug|Any CPU
		Release|Any CPU = Release|Any CPU
	EndGlobalSection
	GlobalSection(ProjectConfigurationPlatforms) = postSolution
		{696571E8-1719-4E18-82DF-3D53476BE6A9}.Debug|Any CPU.ActiveCfg = Debug|Any CPU
		{696571E8-1719-4E18-82DF-3D53476BE6A9}.Debug|Any CPU.Build.0 = Debug|Any CPU
		{696571E8-1719-4E18-82DF-3D53476BE6A9}.Release|Any CPU.ActiveCfg = Release|Any CPU
		{696571E8-1719-4E18-82DF-3D53476BE6A9}.Release|Any CPU.Build.0 = Release|Any CPU
		{638D9D4E-8D88-4A97-B8B2-AA6C7B7DFD9F}.Debug|Any CPU.ActiveCfg = Debug|Any CPU
		{638D9D4E-8D88-4A97-B8B2-AA6C7B7DFD9F}.Debug|Any CPU.Build.0 = Debug|Any CPU
		{638D9D4E-8D88-4A97-B8B2-AA6C7B7DFD9F}.Debug|Any CPU.Deploy.0 = Debug|Any CPU
		{638D9D4E-8D88-4A97-B8B2-AA6C7B7DFD9F}.Release|Any CPU.ActiveCfg = Release|Any CPU
		{638D9D4E-8D88-4A97-B8B2-AA6C7B7DFD9F}.Release|Any CPU.Build.0 = Release|Any CPU
		{638D9D4E-8D88-4A97-B8B2-AA6C7B7DFD9F}.Release|Any CPU.Deploy.0 = Release|Any CPU
	EndGlobalSection
	GlobalSection(SolutionProperties) = preSolution
		HideSolutionNode = FALSE
	EndGlobalSection
EndGlobal
